
Microsoft Visual Studio Solution File, Format Version 12.00
# Visual Studio Version 17
VisualStudioVersion = 17.4.33205.214
MinimumVisualStudioVersion = 10.0.40219.1
Project("{888888A0-9F3D-457C-B088-3A5042F75D52}") = "Tingimuslik operaator", "Tingimuslik operaator\Tingimuslik operaator.pyproj", "{00C34A3B-D3A9-47B7-B58D-2AE0BB8DE3E6}"
EndProject
Global
	GlobalSection(SolutionConfigurationPlatforms) = preSolution
		Debug|Any CPU = Debug|Any CPU
		Release|Any CPU = Release|Any CPU
	EndGlobalSection
	GlobalSection(ProjectConfigurationPlatforms) = postSolution
		{00C34A3B-D3A9-47B7-B58D-2AE0BB8DE3E6}.Debug|Any CPU.ActiveCfg = Debug|Any CPU
		{00C34A3B-D3A9-47B7-B58D-2AE0BB8DE3E6}.Release|Any CPU.ActiveCfg = Release|Any CPU
	EndGlobalSection
	GlobalSection(SolutionProperties) = preSolution
		HideSolutionNode = FALSE
	EndGlobalSection
	GlobalSection(ExtensibilityGlobals) = postSolution
		SolutionGuid = {9713D9BB-77A4-46B8-80A5-800A950BBB24}
	EndGlobalSection
EndGlobal
